// !$*UTF8*$!
{
	archiveVersion = 1;
	classes = {
	};
	objectVersion = 46;
	objects = {

/* Begin PBXBuildFile section */
		1F27F82C1BFFFE5600839C10 /* AppDelegate.swift in Sources */ = {isa = PBXBuildFile; fileRef = 1F27F82B1BFFFE5600839C10 /* AppDelegate.swift */; };
		1F27F82E1BFFFE5600839C10 /* PinLocationViewController.swift in Sources */ = {isa = PBXBuildFile; fileRef = 1F27F82D1BFFFE5600839C10 /* PinLocationViewController.swift */; };
		1F27F8311BFFFE5700839C10 /* Main.storyboard in Resources */ = {isa = PBXBuildFile; fileRef = 1F27F82F1BFFFE5700839C10 /* Main.storyboard */; };
		1F27F8341BFFFE5700839C10 /* Virtual_Tourist.xcdatamodeld in Sources */ = {isa = PBXBuildFile; fileRef = 1F27F8321BFFFE5700839C10 /* Virtual_Tourist.xcdatamodeld */; };
		1F27F8361BFFFE5700839C10 /* Assets.xcassets in Resources */ = {isa = PBXBuildFile; fileRef = 1F27F8351BFFFE5700839C10 /* Assets.xcassets */; };
		1F27F8391BFFFE5700839C10 /* LaunchScreen.storyboard in Resources */ = {isa = PBXBuildFile; fileRef = 1F27F8371BFFFE5700839C10 /* LaunchScreen.storyboard */; };
		1F27F8441BFFFE5800839C10 /* Virtual_TouristTests.swift in Sources */ = {isa = PBXBuildFile; fileRef = 1F27F8431BFFFE5800839C10 /* Virtual_TouristTests.swift */; };
		1F27F84F1BFFFE5800839C10 /* Virtual_TouristUITests.swift in Sources */ = {isa = PBXBuildFile; fileRef = 1F27F84E1BFFFE5800839C10 /* Virtual_TouristUITests.swift */; };
		1F27F8611C0001A400839C10 /* CoreDataStackManager.swift in Sources */ = {isa = PBXBuildFile; fileRef = 1F27F8601C0001A400839C10 /* CoreDataStackManager.swift */; };
		1F27FBA41C00023B00839C10 /* Pin.swift in Sources */ = {isa = PBXBuildFile; fileRef = 1F27FBA31C00023B00839C10 /* Pin.swift */; };
		1F27FBA61C00024A00839C10 /* Photo.swift in Sources */ = {isa = PBXBuildFile; fileRef = 1F27FBA51C00024A00839C10 /* Photo.swift */; };
		1F27FBA81C00027200839C10 /* PhotoAlbumViewController.swift in Sources */ = {isa = PBXBuildFile; fileRef = 1F27FBA71C00027200839C10 /* PhotoAlbumViewController.swift */; };
		1F27FBAA1C0009A100839C10 /* GalleryViewController.swift in Sources */ = {isa = PBXBuildFile; fileRef = 1F27FBA91C0009A100839C10 /* GalleryViewController.swift */; };
		1F27FBB11C00CB7400839C10 /* FlickrClient.swift in Sources */ = {isa = PBXBuildFile; fileRef = 1F27FBB01C00CB7400839C10 /* FlickrClient.swift */; };
		1F27FBB31C00CCBC00839C10 /* FlickrConvenience.swift in Sources */ = {isa = PBXBuildFile; fileRef = 1F27FBB21C00CCBC00839C10 /* FlickrConvenience.swift */; };
		1F27FBB51C00CCC600839C10 /* FlickrConstants.swift in Sources */ = {isa = PBXBuildFile; fileRef = 1F27FBB41C00CCC600839C10 /* FlickrConstants.swift */; };
		1F27FBB81C00D35D00839C10 /* GlobalConstants.swift in Sources */ = {isa = PBXBuildFile; fileRef = 1F27FBB71C00D35D00839C10 /* GlobalConstants.swift */; };
		1F27FBBA1C00DE8A00839C10 /* MapKit.framework in Frameworks */ = {isa = PBXBuildFile; fileRef = 1F27FBB91C00DE8A00839C10 /* MapKit.framework */; };
		1F27FBC21C016A5F00839C10 /* ExtendsUIViewController.swift in Sources */ = {isa = PBXBuildFile; fileRef = 1F27FBC11C016A5F00839C10 /* ExtendsUIViewController.swift */; };
<<<<<<< HEAD
		1F459E2B1C3C5E83000CDC8F /* PhotoDatabase.swift in Sources */ = {isa = PBXBuildFile; fileRef = 1F459E2A1C3C5E82000CDC8F /* PhotoDatabase.swift */; };
=======
>>>>>>> newFeat
		1FAB2C981C024FEB0043CE15 /* ImageCache.swift in Sources */ = {isa = PBXBuildFile; fileRef = 1FAB2C971C024FEB0043CE15 /* ImageCache.swift */; };
		1FAB2C9A1C02516E0043CE15 /* Config.swift in Sources */ = {isa = PBXBuildFile; fileRef = 1FAB2C991C02516E0043CE15 /* Config.swift */; };
		1FAB2C9C1C02C4260043CE15 /* PhotoAlbumCollectionViewCell.swift in Sources */ = {isa = PBXBuildFile; fileRef = 1FAB2C9B1C02C4260043CE15 /* PhotoAlbumCollectionViewCell.swift */; };
		1FC3CF3A1C405D8B005882A6 /* SettingsViewController.swift in Sources */ = {isa = PBXBuildFile; fileRef = 1FC3CF391C405D8B005882A6 /* SettingsViewController.swift */; };
		1FC3CF3C1C405E79005882A6 /* Settings.swift in Sources */ = {isa = PBXBuildFile; fileRef = 1FC3CF3B1C405E79005882A6 /* Settings.swift */; };
		4F9DA03D7A42B738D35B1159 /* Pods_Virtual_Tourist.framework in Frameworks */ = {isa = PBXBuildFile; fileRef = 4689E8ABF2DF661D12D048E3 /* Pods_Virtual_Tourist.framework */; };
/* End PBXBuildFile section */

/* Begin PBXContainerItemProxy section */
		1F27F8401BFFFE5800839C10 /* PBXContainerItemProxy */ = {
			isa = PBXContainerItemProxy;
			containerPortal = 1F27F8201BFFFE5600839C10 /* Project object */;
			proxyType = 1;
			remoteGlobalIDString = 1F27F8271BFFFE5600839C10;
			remoteInfo = "Virtual-Tourist";
		};
		1F27F84B1BFFFE5800839C10 /* PBXContainerItemProxy */ = {
			isa = PBXContainerItemProxy;
			containerPortal = 1F27F8201BFFFE5600839C10 /* Project object */;
			proxyType = 1;
			remoteGlobalIDString = 1F27F8271BFFFE5600839C10;
			remoteInfo = "Virtual-Tourist";
		};
/* End PBXContainerItemProxy section */

/* Begin PBXFileReference section */
		1F27F8281BFFFE5600839C10 /* Virtual-Tourist.app */ = {isa = PBXFileReference; explicitFileType = wrapper.application; includeInIndex = 0; path = "Virtual-Tourist.app"; sourceTree = BUILT_PRODUCTS_DIR; };
		1F27F82B1BFFFE5600839C10 /* AppDelegate.swift */ = {isa = PBXFileReference; lastKnownFileType = sourcecode.swift; path = AppDelegate.swift; sourceTree = "<group>"; };
		1F27F82D1BFFFE5600839C10 /* PinLocationViewController.swift */ = {isa = PBXFileReference; lastKnownFileType = sourcecode.swift; path = PinLocationViewController.swift; sourceTree = "<group>"; };
		1F27F8301BFFFE5700839C10 /* Base */ = {isa = PBXFileReference; lastKnownFileType = file.storyboard; name = Base; path = Base.lproj/Main.storyboard; sourceTree = "<group>"; };
		1F27F8331BFFFE5700839C10 /* Virtual_Tourist.xcdatamodel */ = {isa = PBXFileReference; lastKnownFileType = wrapper.xcdatamodel; path = Virtual_Tourist.xcdatamodel; sourceTree = "<group>"; };
		1F27F8351BFFFE5700839C10 /* Assets.xcassets */ = {isa = PBXFileReference; lastKnownFileType = folder.assetcatalog; path = Assets.xcassets; sourceTree = "<group>"; };
		1F27F8381BFFFE5700839C10 /* Base */ = {isa = PBXFileReference; lastKnownFileType = file.storyboard; name = Base; path = Base.lproj/LaunchScreen.storyboard; sourceTree = "<group>"; };
		1F27F83A1BFFFE5700839C10 /* Info.plist */ = {isa = PBXFileReference; lastKnownFileType = text.plist.xml; path = Info.plist; sourceTree = "<group>"; };
		1F27F83F1BFFFE5800839C10 /* Virtual-TouristTests.xctest */ = {isa = PBXFileReference; explicitFileType = wrapper.cfbundle; includeInIndex = 0; path = "Virtual-TouristTests.xctest"; sourceTree = BUILT_PRODUCTS_DIR; };
		1F27F8431BFFFE5800839C10 /* Virtual_TouristTests.swift */ = {isa = PBXFileReference; lastKnownFileType = sourcecode.swift; path = Virtual_TouristTests.swift; sourceTree = "<group>"; };
		1F27F8451BFFFE5800839C10 /* Info.plist */ = {isa = PBXFileReference; lastKnownFileType = text.plist.xml; path = Info.plist; sourceTree = "<group>"; };
		1F27F84A1BFFFE5800839C10 /* Virtual-TouristUITests.xctest */ = {isa = PBXFileReference; explicitFileType = wrapper.cfbundle; includeInIndex = 0; path = "Virtual-TouristUITests.xctest"; sourceTree = BUILT_PRODUCTS_DIR; };
		1F27F84E1BFFFE5800839C10 /* Virtual_TouristUITests.swift */ = {isa = PBXFileReference; lastKnownFileType = sourcecode.swift; path = Virtual_TouristUITests.swift; sourceTree = "<group>"; };
		1F27F8501BFFFE5800839C10 /* Info.plist */ = {isa = PBXFileReference; lastKnownFileType = text.plist.xml; path = Info.plist; sourceTree = "<group>"; };
		1F27F8601C0001A400839C10 /* CoreDataStackManager.swift */ = {isa = PBXFileReference; fileEncoding = 4; lastKnownFileType = sourcecode.swift; name = CoreDataStackManager.swift; path = ../CoreDataStackManager.swift; sourceTree = "<group>"; };
		1F27FBA31C00023B00839C10 /* Pin.swift */ = {isa = PBXFileReference; fileEncoding = 4; lastKnownFileType = sourcecode.swift; path = Pin.swift; sourceTree = "<group>"; };
		1F27FBA51C00024A00839C10 /* Photo.swift */ = {isa = PBXFileReference; fileEncoding = 4; lastKnownFileType = sourcecode.swift; path = Photo.swift; sourceTree = "<group>"; };
		1F27FBA71C00027200839C10 /* PhotoAlbumViewController.swift */ = {isa = PBXFileReference; fileEncoding = 4; lastKnownFileType = sourcecode.swift; path = PhotoAlbumViewController.swift; sourceTree = "<group>"; };
		1F27FBA91C0009A100839C10 /* GalleryViewController.swift */ = {isa = PBXFileReference; fileEncoding = 4; lastKnownFileType = sourcecode.swift; path = GalleryViewController.swift; sourceTree = "<group>"; };
		1F27FBAB1C0009C700839C10 /* Modeka.otf */ = {isa = PBXFileReference; lastKnownFileType = file; path = Modeka.otf; sourceTree = "<group>"; };
		1F27FBAC1C0009C700839C10 /* BIG JOHN.otf */ = {isa = PBXFileReference; lastKnownFileType = file; path = "BIG JOHN.otf"; sourceTree = "<group>"; };
		1F27FBAD1C0009C700839C10 /* Prime Light.otf */ = {isa = PBXFileReference; lastKnownFileType = file; path = "Prime Light.otf"; sourceTree = "<group>"; };
		1F27FBAE1C0009C700839C10 /* Prime Regular.otf */ = {isa = PBXFileReference; lastKnownFileType = file; path = "Prime Regular.otf"; sourceTree = "<group>"; };
		1F27FBB01C00CB7400839C10 /* FlickrClient.swift */ = {isa = PBXFileReference; fileEncoding = 4; lastKnownFileType = sourcecode.swift; path = FlickrClient.swift; sourceTree = "<group>"; };
		1F27FBB21C00CCBC00839C10 /* FlickrConvenience.swift */ = {isa = PBXFileReference; fileEncoding = 4; lastKnownFileType = sourcecode.swift; path = FlickrConvenience.swift; sourceTree = "<group>"; };
		1F27FBB41C00CCC600839C10 /* FlickrConstants.swift */ = {isa = PBXFileReference; fileEncoding = 4; lastKnownFileType = sourcecode.swift; path = FlickrConstants.swift; sourceTree = "<group>"; };
		1F27FBB71C00D35D00839C10 /* GlobalConstants.swift */ = {isa = PBXFileReference; fileEncoding = 4; lastKnownFileType = sourcecode.swift; path = GlobalConstants.swift; sourceTree = "<group>"; };
		1F27FBB91C00DE8A00839C10 /* MapKit.framework */ = {isa = PBXFileReference; lastKnownFileType = wrapper.framework; name = MapKit.framework; path = System/Library/Frameworks/MapKit.framework; sourceTree = SDKROOT; };
		1F27FBC11C016A5F00839C10 /* ExtendsUIViewController.swift */ = {isa = PBXFileReference; fileEncoding = 4; lastKnownFileType = sourcecode.swift; path = ExtendsUIViewController.swift; sourceTree = "<group>"; };
<<<<<<< HEAD
		1F459E2A1C3C5E82000CDC8F /* PhotoDatabase.swift */ = {isa = PBXFileReference; fileEncoding = 4; lastKnownFileType = sourcecode.swift; path = PhotoDatabase.swift; sourceTree = "<group>"; };
=======
>>>>>>> newFeat
		1FAB2C971C024FEB0043CE15 /* ImageCache.swift */ = {isa = PBXFileReference; fileEncoding = 4; lastKnownFileType = sourcecode.swift; path = ImageCache.swift; sourceTree = "<group>"; };
		1FAB2C991C02516E0043CE15 /* Config.swift */ = {isa = PBXFileReference; fileEncoding = 4; lastKnownFileType = sourcecode.swift; path = Config.swift; sourceTree = "<group>"; };
		1FAB2C9B1C02C4260043CE15 /* PhotoAlbumCollectionViewCell.swift */ = {isa = PBXFileReference; fileEncoding = 4; lastKnownFileType = sourcecode.swift; path = PhotoAlbumCollectionViewCell.swift; sourceTree = "<group>"; };
		1FC3CF391C405D8B005882A6 /* SettingsViewController.swift */ = {isa = PBXFileReference; fileEncoding = 4; lastKnownFileType = sourcecode.swift; path = SettingsViewController.swift; sourceTree = "<group>"; };
		1FC3CF3B1C405E79005882A6 /* Settings.swift */ = {isa = PBXFileReference; fileEncoding = 4; lastKnownFileType = sourcecode.swift; path = Settings.swift; sourceTree = "<group>"; };
		4689E8ABF2DF661D12D048E3 /* Pods_Virtual_Tourist.framework */ = {isa = PBXFileReference; explicitFileType = wrapper.framework; includeInIndex = 0; path = Pods_Virtual_Tourist.framework; sourceTree = BUILT_PRODUCTS_DIR; };
		B3CF914082CF6784A641FA4B /* Pods-Virtual-Tourist.release.xcconfig */ = {isa = PBXFileReference; includeInIndex = 1; lastKnownFileType = text.xcconfig; name = "Pods-Virtual-Tourist.release.xcconfig"; path = "Pods/Target Support Files/Pods-Virtual-Tourist/Pods-Virtual-Tourist.release.xcconfig"; sourceTree = "<group>"; };
		BACA7EC1F0183EB802DB6A2D /* Pods-Virtual-Tourist.debug.xcconfig */ = {isa = PBXFileReference; includeInIndex = 1; lastKnownFileType = text.xcconfig; name = "Pods-Virtual-Tourist.debug.xcconfig"; path = "Pods/Target Support Files/Pods-Virtual-Tourist/Pods-Virtual-Tourist.debug.xcconfig"; sourceTree = "<group>"; };
/* End PBXFileReference section */

/* Begin PBXFrameworksBuildPhase section */
		1F27F8251BFFFE5600839C10 /* Frameworks */ = {
			isa = PBXFrameworksBuildPhase;
			buildActionMask = 2147483647;
			files = (
				1F27FBBA1C00DE8A00839C10 /* MapKit.framework in Frameworks */,
				4F9DA03D7A42B738D35B1159 /* Pods_Virtual_Tourist.framework in Frameworks */,
			);
			runOnlyForDeploymentPostprocessing = 0;
		};
		1F27F83C1BFFFE5800839C10 /* Frameworks */ = {
			isa = PBXFrameworksBuildPhase;
			buildActionMask = 2147483647;
			files = (
			);
			runOnlyForDeploymentPostprocessing = 0;
		};
		1F27F8471BFFFE5800839C10 /* Frameworks */ = {
			isa = PBXFrameworksBuildPhase;
			buildActionMask = 2147483647;
			files = (
			);
			runOnlyForDeploymentPostprocessing = 0;
		};
/* End PBXFrameworksBuildPhase section */

/* Begin PBXGroup section */
		1F27F81F1BFFFE5600839C10 = {
			isa = PBXGroup;
			children = (
				1F27FBB91C00DE8A00839C10 /* MapKit.framework */,
				1F27F82A1BFFFE5600839C10 /* Virtual-Tourist */,
				1F27F8421BFFFE5800839C10 /* Virtual-TouristTests */,
				1F27F84D1BFFFE5800839C10 /* Virtual-TouristUITests */,
				1F27F8291BFFFE5600839C10 /* Products */,
				1F27FBAF1C0009CE00839C10 /* Fonts */,
				29EC7A669C81FDC8E1EFE910 /* Pods */,
				6087D6EACB8367785EFDBD9C /* Frameworks */,
			);
			sourceTree = "<group>";
		};
		1F27F8291BFFFE5600839C10 /* Products */ = {
			isa = PBXGroup;
			children = (
				1F27F8281BFFFE5600839C10 /* Virtual-Tourist.app */,
				1F27F83F1BFFFE5800839C10 /* Virtual-TouristTests.xctest */,
				1F27F84A1BFFFE5800839C10 /* Virtual-TouristUITests.xctest */,
			);
			name = Products;
			sourceTree = "<group>";
		};
		1F27F82A1BFFFE5600839C10 /* Virtual-Tourist */ = {
			isa = PBXGroup;
			children = (
				1F27FBB71C00D35D00839C10 /* GlobalConstants.swift */,
				1F27F82B1BFFFE5600839C10 /* AppDelegate.swift */,
				1F27F8621C0001AE00839C10 /* Model */,
				1F27F8641C0001CE00839C10 /* View */,
				1F27F8631C0001B600839C10 /* Controller */,
				1F27F82F1BFFFE5700839C10 /* Main.storyboard */,
				1F27F8351BFFFE5700839C10 /* Assets.xcassets */,
				1F27F8371BFFFE5700839C10 /* LaunchScreen.storyboard */,
				1F27F83A1BFFFE5700839C10 /* Info.plist */,
			);
			path = "Virtual-Tourist";
			sourceTree = "<group>";
		};
		1F27F8421BFFFE5800839C10 /* Virtual-TouristTests */ = {
			isa = PBXGroup;
			children = (
				1F27F8431BFFFE5800839C10 /* Virtual_TouristTests.swift */,
				1F27F8451BFFFE5800839C10 /* Info.plist */,
			);
			path = "Virtual-TouristTests";
			sourceTree = "<group>";
		};
		1F27F84D1BFFFE5800839C10 /* Virtual-TouristUITests */ = {
			isa = PBXGroup;
			children = (
				1F27F84E1BFFFE5800839C10 /* Virtual_TouristUITests.swift */,
				1F27F8501BFFFE5800839C10 /* Info.plist */,
			);
			path = "Virtual-TouristUITests";
			sourceTree = "<group>";
		};
		1F27F8621C0001AE00839C10 /* Model */ = {
			isa = PBXGroup;
			children = (
				1F27F8321BFFFE5700839C10 /* Virtual_Tourist.xcdatamodeld */,
				1F27FBB61C00CFF400839C10 /* FlickrClient */,
				1F27F8601C0001A400839C10 /* CoreDataStackManager.swift */,
				1FC3CF3B1C405E79005882A6 /* Settings.swift */,
				1F27FBA31C00023B00839C10 /* Pin.swift */,
				1F27FBA51C00024A00839C10 /* Photo.swift */,
				1FAB2C971C024FEB0043CE15 /* ImageCache.swift */,
				1F459E2A1C3C5E82000CDC8F /* PhotoDatabase.swift */,
				1FAB2C991C02516E0043CE15 /* Config.swift */,
			);
			name = Model;
			sourceTree = "<group>";
		};
		1F27F8631C0001B600839C10 /* Controller */ = {
			isa = PBXGroup;
			children = (
				1FC3CF391C405D8B005882A6 /* SettingsViewController.swift */,
				1F27F82D1BFFFE5600839C10 /* PinLocationViewController.swift */,
				1F27FBA71C00027200839C10 /* PhotoAlbumViewController.swift */,
				1F27FBA91C0009A100839C10 /* GalleryViewController.swift */,
				1F27FBC11C016A5F00839C10 /* ExtendsUIViewController.swift */,
			);
			name = Controller;
			sourceTree = "<group>";
		};
		1F27F8641C0001CE00839C10 /* View */ = {
			isa = PBXGroup;
			children = (
				1FAB2C9B1C02C4260043CE15 /* PhotoAlbumCollectionViewCell.swift */,
			);
			name = View;
			sourceTree = "<group>";
		};
		1F27FBAF1C0009CE00839C10 /* Fonts */ = {
			isa = PBXGroup;
			children = (
				1F27FBAB1C0009C700839C10 /* Modeka.otf */,
				1F27FBAC1C0009C700839C10 /* BIG JOHN.otf */,
				1F27FBAD1C0009C700839C10 /* Prime Light.otf */,
				1F27FBAE1C0009C700839C10 /* Prime Regular.otf */,
			);
			name = Fonts;
			sourceTree = "<group>";
		};
		1F27FBB61C00CFF400839C10 /* FlickrClient */ = {
			isa = PBXGroup;
			children = (
				1F27FBB01C00CB7400839C10 /* FlickrClient.swift */,
				1F27FBB21C00CCBC00839C10 /* FlickrConvenience.swift */,
				1F27FBB41C00CCC600839C10 /* FlickrConstants.swift */,
			);
			name = FlickrClient;
			sourceTree = "<group>";
		};
		29EC7A669C81FDC8E1EFE910 /* Pods */ = {
			isa = PBXGroup;
			children = (
				BACA7EC1F0183EB802DB6A2D /* Pods-Virtual-Tourist.debug.xcconfig */,
				B3CF914082CF6784A641FA4B /* Pods-Virtual-Tourist.release.xcconfig */,
			);
			name = Pods;
			sourceTree = "<group>";
		};
		6087D6EACB8367785EFDBD9C /* Frameworks */ = {
			isa = PBXGroup;
			children = (
				4689E8ABF2DF661D12D048E3 /* Pods_Virtual_Tourist.framework */,
			);
			name = Frameworks;
			sourceTree = "<group>";
		};
/* End PBXGroup section */

/* Begin PBXNativeTarget section */
		1F27F8271BFFFE5600839C10 /* Virtual-Tourist */ = {
			isa = PBXNativeTarget;
			buildConfigurationList = 1F27F8531BFFFE5800839C10 /* Build configuration list for PBXNativeTarget "Virtual-Tourist" */;
			buildPhases = (
				54CAEBCDA0AC1D08D5EE0F60 /* Check Pods Manifest.lock */,
				1F27F8241BFFFE5600839C10 /* Sources */,
				1F27F8251BFFFE5600839C10 /* Frameworks */,
				1F27F8261BFFFE5600839C10 /* Resources */,
				908D357FA5366E1485736B1F /* Embed Pods Frameworks */,
				864485073E4EC05AE13530B6 /* Copy Pods Resources */,
			);
			buildRules = (
			);
			dependencies = (
			);
			name = "Virtual-Tourist";
			productName = "Virtual-Tourist";
			productReference = 1F27F8281BFFFE5600839C10 /* Virtual-Tourist.app */;
			productType = "com.apple.product-type.application";
		};
		1F27F83E1BFFFE5800839C10 /* Virtual-TouristTests */ = {
			isa = PBXNativeTarget;
			buildConfigurationList = 1F27F8561BFFFE5800839C10 /* Build configuration list for PBXNativeTarget "Virtual-TouristTests" */;
			buildPhases = (
				1F27F83B1BFFFE5800839C10 /* Sources */,
				1F27F83C1BFFFE5800839C10 /* Frameworks */,
				1F27F83D1BFFFE5800839C10 /* Resources */,
			);
			buildRules = (
			);
			dependencies = (
				1F27F8411BFFFE5800839C10 /* PBXTargetDependency */,
			);
			name = "Virtual-TouristTests";
			productName = "Virtual-TouristTests";
			productReference = 1F27F83F1BFFFE5800839C10 /* Virtual-TouristTests.xctest */;
			productType = "com.apple.product-type.bundle.unit-test";
		};
		1F27F8491BFFFE5800839C10 /* Virtual-TouristUITests */ = {
			isa = PBXNativeTarget;
			buildConfigurationList = 1F27F8591BFFFE5800839C10 /* Build configuration list for PBXNativeTarget "Virtual-TouristUITests" */;
			buildPhases = (
				1F27F8461BFFFE5800839C10 /* Sources */,
				1F27F8471BFFFE5800839C10 /* Frameworks */,
				1F27F8481BFFFE5800839C10 /* Resources */,
			);
			buildRules = (
			);
			dependencies = (
				1F27F84C1BFFFE5800839C10 /* PBXTargetDependency */,
			);
			name = "Virtual-TouristUITests";
			productName = "Virtual-TouristUITests";
			productReference = 1F27F84A1BFFFE5800839C10 /* Virtual-TouristUITests.xctest */;
			productType = "com.apple.product-type.bundle.ui-testing";
		};
/* End PBXNativeTarget section */

/* Begin PBXProject section */
		1F27F8201BFFFE5600839C10 /* Project object */ = {
			isa = PBXProject;
			attributes = {
				LastSwiftUpdateCheck = 0710;
				LastUpgradeCheck = 0710;
				ORGANIZATIONNAME = "Tech Rapport";
				TargetAttributes = {
					1F27F8271BFFFE5600839C10 = {
						CreatedOnToolsVersion = 7.1;
						DevelopmentTeam = J9WHKA9AQZ;
						SystemCapabilities = {
							com.apple.Maps.iOS = {
								enabled = 1;
							};
						};
					};
					1F27F83E1BFFFE5800839C10 = {
						CreatedOnToolsVersion = 7.1;
						TestTargetID = 1F27F8271BFFFE5600839C10;
					};
					1F27F8491BFFFE5800839C10 = {
						CreatedOnToolsVersion = 7.1;
						TestTargetID = 1F27F8271BFFFE5600839C10;
					};
				};
			};
			buildConfigurationList = 1F27F8231BFFFE5600839C10 /* Build configuration list for PBXProject "Virtual-Tourist" */;
			compatibilityVersion = "Xcode 3.2";
			developmentRegion = English;
			hasScannedForEncodings = 0;
			knownRegions = (
				en,
				Base,
			);
			mainGroup = 1F27F81F1BFFFE5600839C10;
			productRefGroup = 1F27F8291BFFFE5600839C10 /* Products */;
			projectDirPath = "";
			projectRoot = "";
			targets = (
				1F27F8271BFFFE5600839C10 /* Virtual-Tourist */,
				1F27F83E1BFFFE5800839C10 /* Virtual-TouristTests */,
				1F27F8491BFFFE5800839C10 /* Virtual-TouristUITests */,
			);
		};
/* End PBXProject section */

/* Begin PBXResourcesBuildPhase section */
		1F27F8261BFFFE5600839C10 /* Resources */ = {
			isa = PBXResourcesBuildPhase;
			buildActionMask = 2147483647;
			files = (
				1F27F8391BFFFE5700839C10 /* LaunchScreen.storyboard in Resources */,
				1F27F8361BFFFE5700839C10 /* Assets.xcassets in Resources */,
				1F27F8311BFFFE5700839C10 /* Main.storyboard in Resources */,
			);
			runOnlyForDeploymentPostprocessing = 0;
		};
		1F27F83D1BFFFE5800839C10 /* Resources */ = {
			isa = PBXResourcesBuildPhase;
			buildActionMask = 2147483647;
			files = (
			);
			runOnlyForDeploymentPostprocessing = 0;
		};
		1F27F8481BFFFE5800839C10 /* Resources */ = {
			isa = PBXResourcesBuildPhase;
			buildActionMask = 2147483647;
			files = (
			);
			runOnlyForDeploymentPostprocessing = 0;
		};
/* End PBXResourcesBuildPhase section */

/* Begin PBXShellScriptBuildPhase section */
		54CAEBCDA0AC1D08D5EE0F60 /* Check Pods Manifest.lock */ = {
			isa = PBXShellScriptBuildPhase;
			buildActionMask = 2147483647;
			files = (
			);
			inputPaths = (
			);
			name = "Check Pods Manifest.lock";
			outputPaths = (
			);
			runOnlyForDeploymentPostprocessing = 0;
			shellPath = /bin/sh;
			shellScript = "diff \"${PODS_ROOT}/../Podfile.lock\" \"${PODS_ROOT}/Manifest.lock\" > /dev/null\nif [[ $? != 0 ]] ; then\n    cat << EOM\nerror: The sandbox is not in sync with the Podfile.lock. Run 'pod install' or update your CocoaPods installation.\nEOM\n    exit 1\nfi\n";
			showEnvVarsInLog = 0;
		};
		864485073E4EC05AE13530B6 /* Copy Pods Resources */ = {
			isa = PBXShellScriptBuildPhase;
			buildActionMask = 2147483647;
			files = (
			);
			inputPaths = (
			);
			name = "Copy Pods Resources";
			outputPaths = (
			);
			runOnlyForDeploymentPostprocessing = 0;
			shellPath = /bin/sh;
			shellScript = "\"${SRCROOT}/Pods/Target Support Files/Pods-Virtual-Tourist/Pods-Virtual-Tourist-resources.sh\"\n";
			showEnvVarsInLog = 0;
		};
		908D357FA5366E1485736B1F /* Embed Pods Frameworks */ = {
			isa = PBXShellScriptBuildPhase;
			buildActionMask = 2147483647;
			files = (
			);
			inputPaths = (
			);
			name = "Embed Pods Frameworks";
			outputPaths = (
			);
			runOnlyForDeploymentPostprocessing = 0;
			shellPath = /bin/sh;
			shellScript = "\"${SRCROOT}/Pods/Target Support Files/Pods-Virtual-Tourist/Pods-Virtual-Tourist-frameworks.sh\"\n";
			showEnvVarsInLog = 0;
		};
/* End PBXShellScriptBuildPhase section */

/* Begin PBXSourcesBuildPhase section */
		1F27F8241BFFFE5600839C10 /* Sources */ = {
			isa = PBXSourcesBuildPhase;
			buildActionMask = 2147483647;
			files = (
				1F27FBA61C00024A00839C10 /* Photo.swift in Sources */,
				1FAB2C981C024FEB0043CE15 /* ImageCache.swift in Sources */,
				1FAB2C9A1C02516E0043CE15 /* Config.swift in Sources */,
				1FAB2C9C1C02C4260043CE15 /* PhotoAlbumCollectionViewCell.swift in Sources */,
				1F27FBA81C00027200839C10 /* PhotoAlbumViewController.swift in Sources */,
				1F27FBA41C00023B00839C10 /* Pin.swift in Sources */,
				1FC3CF3C1C405E79005882A6 /* Settings.swift in Sources */,
				1F27FBB51C00CCC600839C10 /* FlickrConstants.swift in Sources */,
				1F27F82E1BFFFE5600839C10 /* PinLocationViewController.swift in Sources */,
				1F27FBC21C016A5F00839C10 /* ExtendsUIViewController.swift in Sources */,
				1F27F8611C0001A400839C10 /* CoreDataStackManager.swift in Sources */,
				1F27FBAA1C0009A100839C10 /* GalleryViewController.swift in Sources */,
				1F27F8341BFFFE5700839C10 /* Virtual_Tourist.xcdatamodeld in Sources */,
				1FC3CF3A1C405D8B005882A6 /* SettingsViewController.swift in Sources */,
				1F27F82C1BFFFE5600839C10 /* AppDelegate.swift in Sources */,
				1F459E2B1C3C5E83000CDC8F /* PhotoDatabase.swift in Sources */,
				1F27FBB31C00CCBC00839C10 /* FlickrConvenience.swift in Sources */,
				1F27FBB81C00D35D00839C10 /* GlobalConstants.swift in Sources */,
				1F27FBB11C00CB7400839C10 /* FlickrClient.swift in Sources */,
			);
			runOnlyForDeploymentPostprocessing = 0;
		};
		1F27F83B1BFFFE5800839C10 /* Sources */ = {
			isa = PBXSourcesBuildPhase;
			buildActionMask = 2147483647;
			files = (
				1F27F8441BFFFE5800839C10 /* Virtual_TouristTests.swift in Sources */,
			);
			runOnlyForDeploymentPostprocessing = 0;
		};
		1F27F8461BFFFE5800839C10 /* Sources */ = {
			isa = PBXSourcesBuildPhase;
			buildActionMask = 2147483647;
			files = (
				1F27F84F1BFFFE5800839C10 /* Virtual_TouristUITests.swift in Sources */,
			);
			runOnlyForDeploymentPostprocessing = 0;
		};
/* End PBXSourcesBuildPhase section */

/* Begin PBXTargetDependency section */
		1F27F8411BFFFE5800839C10 /* PBXTargetDependency */ = {
			isa = PBXTargetDependency;
			target = 1F27F8271BFFFE5600839C10 /* Virtual-Tourist */;
			targetProxy = 1F27F8401BFFFE5800839C10 /* PBXContainerItemProxy */;
		};
		1F27F84C1BFFFE5800839C10 /* PBXTargetDependency */ = {
			isa = PBXTargetDependency;
			target = 1F27F8271BFFFE5600839C10 /* Virtual-Tourist */;
			targetProxy = 1F27F84B1BFFFE5800839C10 /* PBXContainerItemProxy */;
		};
/* End PBXTargetDependency section */

/* Begin PBXVariantGroup section */
		1F27F82F1BFFFE5700839C10 /* Main.storyboard */ = {
			isa = PBXVariantGroup;
			children = (
				1F27F8301BFFFE5700839C10 /* Base */,
			);
			name = Main.storyboard;
			sourceTree = "<group>";
		};
		1F27F8371BFFFE5700839C10 /* LaunchScreen.storyboard */ = {
			isa = PBXVariantGroup;
			children = (
				1F27F8381BFFFE5700839C10 /* Base */,
			);
			name = LaunchScreen.storyboard;
			sourceTree = "<group>";
		};
/* End PBXVariantGroup section */

/* Begin XCBuildConfiguration section */
		1F27F8511BFFFE5800839C10 /* Debug */ = {
			isa = XCBuildConfiguration;
			buildSettings = {
				ALWAYS_SEARCH_USER_PATHS = NO;
				CLANG_CXX_LANGUAGE_STANDARD = "gnu++0x";
				CLANG_CXX_LIBRARY = "libc++";
				CLANG_ENABLE_MODULES = YES;
				CLANG_ENABLE_OBJC_ARC = YES;
				CLANG_WARN_BOOL_CONVERSION = YES;
				CLANG_WARN_CONSTANT_CONVERSION = YES;
				CLANG_WARN_DIRECT_OBJC_ISA_USAGE = YES_ERROR;
				CLANG_WARN_EMPTY_BODY = YES;
				CLANG_WARN_ENUM_CONVERSION = YES;
				CLANG_WARN_INT_CONVERSION = YES;
				CLANG_WARN_OBJC_ROOT_CLASS = YES_ERROR;
				CLANG_WARN_UNREACHABLE_CODE = YES;
				CLANG_WARN__DUPLICATE_METHOD_MATCH = YES;
				"CODE_SIGN_IDENTITY[sdk=iphoneos*]" = "iPhone Developer";
				COPY_PHASE_STRIP = NO;
				DEBUG_INFORMATION_FORMAT = dwarf;
				ENABLE_STRICT_OBJC_MSGSEND = YES;
				ENABLE_TESTABILITY = YES;
				GCC_C_LANGUAGE_STANDARD = gnu99;
				GCC_DYNAMIC_NO_PIC = NO;
				GCC_NO_COMMON_BLOCKS = YES;
				GCC_OPTIMIZATION_LEVEL = 0;
				GCC_PREPROCESSOR_DEFINITIONS = (
					"DEBUG=1",
					"$(inherited)",
				);
				GCC_WARN_64_TO_32_BIT_CONVERSION = YES;
				GCC_WARN_ABOUT_RETURN_TYPE = YES_ERROR;
				GCC_WARN_UNDECLARED_SELECTOR = YES;
				GCC_WARN_UNINITIALIZED_AUTOS = YES_AGGRESSIVE;
				GCC_WARN_UNUSED_FUNCTION = YES;
				GCC_WARN_UNUSED_VARIABLE = YES;
				IPHONEOS_DEPLOYMENT_TARGET = 9.1;
				MTL_ENABLE_DEBUG_INFO = YES;
				ONLY_ACTIVE_ARCH = YES;
				SDKROOT = iphoneos;
				SWIFT_OPTIMIZATION_LEVEL = "-Onone";
			};
			name = Debug;
		};
		1F27F8521BFFFE5800839C10 /* Release */ = {
			isa = XCBuildConfiguration;
			buildSettings = {
				ALWAYS_SEARCH_USER_PATHS = NO;
				CLANG_CXX_LANGUAGE_STANDARD = "gnu++0x";
				CLANG_CXX_LIBRARY = "libc++";
				CLANG_ENABLE_MODULES = YES;
				CLANG_ENABLE_OBJC_ARC = YES;
				CLANG_WARN_BOOL_CONVERSION = YES;
				CLANG_WARN_CONSTANT_CONVERSION = YES;
				CLANG_WARN_DIRECT_OBJC_ISA_USAGE = YES_ERROR;
				CLANG_WARN_EMPTY_BODY = YES;
				CLANG_WARN_ENUM_CONVERSION = YES;
				CLANG_WARN_INT_CONVERSION = YES;
				CLANG_WARN_OBJC_ROOT_CLASS = YES_ERROR;
				CLANG_WARN_UNREACHABLE_CODE = YES;
				CLANG_WARN__DUPLICATE_METHOD_MATCH = YES;
				"CODE_SIGN_IDENTITY[sdk=iphoneos*]" = "iPhone Developer";
				COPY_PHASE_STRIP = NO;
				DEBUG_INFORMATION_FORMAT = "dwarf-with-dsym";
				ENABLE_NS_ASSERTIONS = NO;
				ENABLE_STRICT_OBJC_MSGSEND = YES;
				GCC_C_LANGUAGE_STANDARD = gnu99;
				GCC_NO_COMMON_BLOCKS = YES;
				GCC_WARN_64_TO_32_BIT_CONVERSION = YES;
				GCC_WARN_ABOUT_RETURN_TYPE = YES_ERROR;
				GCC_WARN_UNDECLARED_SELECTOR = YES;
				GCC_WARN_UNINITIALIZED_AUTOS = YES_AGGRESSIVE;
				GCC_WARN_UNUSED_FUNCTION = YES;
				GCC_WARN_UNUSED_VARIABLE = YES;
				IPHONEOS_DEPLOYMENT_TARGET = 9.1;
				MTL_ENABLE_DEBUG_INFO = NO;
				SDKROOT = iphoneos;
				VALIDATE_PRODUCT = YES;
			};
			name = Release;
		};
		1F27F8541BFFFE5800839C10 /* Debug */ = {
			isa = XCBuildConfiguration;
			baseConfigurationReference = BACA7EC1F0183EB802DB6A2D /* Pods-Virtual-Tourist.debug.xcconfig */;
			buildSettings = {
				ASSETCATALOG_COMPILER_APPICON_NAME = AppIcon;
				CODE_SIGN_IDENTITY = "iPhone Developer";
				"CODE_SIGN_IDENTITY[sdk=iphoneos*]" = "iPhone Developer";
				INFOPLIST_FILE = "Virtual-Tourist/Info.plist";
				IPHONEOS_DEPLOYMENT_TARGET = 8.0;
				LD_RUNPATH_SEARCH_PATHS = "$(inherited) @executable_path/Frameworks";
				PRODUCT_BUNDLE_IDENTIFIER = "com.TechRapport.Virtual-Tourist";
				PRODUCT_NAME = "$(TARGET_NAME)";
				PROVISIONING_PROFILE = "";
			};
			name = Debug;
		};
		1F27F8551BFFFE5800839C10 /* Release */ = {
			isa = XCBuildConfiguration;
			baseConfigurationReference = B3CF914082CF6784A641FA4B /* Pods-Virtual-Tourist.release.xcconfig */;
			buildSettings = {
				ASSETCATALOG_COMPILER_APPICON_NAME = AppIcon;
				CODE_SIGN_IDENTITY = "iPhone Developer";
				"CODE_SIGN_IDENTITY[sdk=iphoneos*]" = "iPhone Developer";
				INFOPLIST_FILE = "Virtual-Tourist/Info.plist";
				IPHONEOS_DEPLOYMENT_TARGET = 8.0;
				LD_RUNPATH_SEARCH_PATHS = "$(inherited) @executable_path/Frameworks";
				PRODUCT_BUNDLE_IDENTIFIER = "com.TechRapport.Virtual-Tourist";
				PRODUCT_NAME = "$(TARGET_NAME)";
				PROVISIONING_PROFILE = "";
			};
			name = Release;
		};
		1F27F8571BFFFE5800839C10 /* Debug */ = {
			isa = XCBuildConfiguration;
			buildSettings = {
				BUNDLE_LOADER = "$(TEST_HOST)";
				INFOPLIST_FILE = "Virtual-TouristTests/Info.plist";
				LD_RUNPATH_SEARCH_PATHS = "$(inherited) @executable_path/Frameworks @loader_path/Frameworks";
				PRODUCT_BUNDLE_IDENTIFIER = "com.TechRapport.Virtual-TouristTests";
				PRODUCT_NAME = "$(TARGET_NAME)";
				TEST_HOST = "$(BUILT_PRODUCTS_DIR)/Virtual-Tourist.app/Virtual-Tourist";
			};
			name = Debug;
		};
		1F27F8581BFFFE5800839C10 /* Release */ = {
			isa = XCBuildConfiguration;
			buildSettings = {
				BUNDLE_LOADER = "$(TEST_HOST)";
				INFOPLIST_FILE = "Virtual-TouristTests/Info.plist";
				LD_RUNPATH_SEARCH_PATHS = "$(inherited) @executable_path/Frameworks @loader_path/Frameworks";
				PRODUCT_BUNDLE_IDENTIFIER = "com.TechRapport.Virtual-TouristTests";
				PRODUCT_NAME = "$(TARGET_NAME)";
				TEST_HOST = "$(BUILT_PRODUCTS_DIR)/Virtual-Tourist.app/Virtual-Tourist";
			};
			name = Release;
		};
		1F27F85A1BFFFE5800839C10 /* Debug */ = {
			isa = XCBuildConfiguration;
			buildSettings = {
				INFOPLIST_FILE = "Virtual-TouristUITests/Info.plist";
				LD_RUNPATH_SEARCH_PATHS = "$(inherited) @executable_path/Frameworks @loader_path/Frameworks";
				PRODUCT_BUNDLE_IDENTIFIER = "com.TechRapport.Virtual-TouristUITests";
				PRODUCT_NAME = "$(TARGET_NAME)";
				TEST_TARGET_NAME = "Virtual-Tourist";
				USES_XCTRUNNER = YES;
			};
			name = Debug;
		};
		1F27F85B1BFFFE5800839C10 /* Release */ = {
			isa = XCBuildConfiguration;
			buildSettings = {
				INFOPLIST_FILE = "Virtual-TouristUITests/Info.plist";
				LD_RUNPATH_SEARCH_PATHS = "$(inherited) @executable_path/Frameworks @loader_path/Frameworks";
				PRODUCT_BUNDLE_IDENTIFIER = "com.TechRapport.Virtual-TouristUITests";
				PRODUCT_NAME = "$(TARGET_NAME)";
				TEST_TARGET_NAME = "Virtual-Tourist";
				USES_XCTRUNNER = YES;
			};
			name = Release;
		};
/* End XCBuildConfiguration section */

/* Begin XCConfigurationList section */
		1F27F8231BFFFE5600839C10 /* Build configuration list for PBXProject "Virtual-Tourist" */ = {
			isa = XCConfigurationList;
			buildConfigurations = (
				1F27F8511BFFFE5800839C10 /* Debug */,
				1F27F8521BFFFE5800839C10 /* Release */,
			);
			defaultConfigurationIsVisible = 0;
			defaultConfigurationName = Release;
		};
		1F27F8531BFFFE5800839C10 /* Build configuration list for PBXNativeTarget "Virtual-Tourist" */ = {
			isa = XCConfigurationList;
			buildConfigurations = (
				1F27F8541BFFFE5800839C10 /* Debug */,
				1F27F8551BFFFE5800839C10 /* Release */,
			);
			defaultConfigurationIsVisible = 0;
			defaultConfigurationName = Release;
		};
		1F27F8561BFFFE5800839C10 /* Build configuration list for PBXNativeTarget "Virtual-TouristTests" */ = {
			isa = XCConfigurationList;
			buildConfigurations = (
				1F27F8571BFFFE5800839C10 /* Debug */,
				1F27F8581BFFFE5800839C10 /* Release */,
			);
			defaultConfigurationIsVisible = 0;
			defaultConfigurationName = Release;
		};
		1F27F8591BFFFE5800839C10 /* Build configuration list for PBXNativeTarget "Virtual-TouristUITests" */ = {
			isa = XCConfigurationList;
			buildConfigurations = (
				1F27F85A1BFFFE5800839C10 /* Debug */,
				1F27F85B1BFFFE5800839C10 /* Release */,
			);
			defaultConfigurationIsVisible = 0;
			defaultConfigurationName = Release;
		};
/* End XCConfigurationList section */

/* Begin XCVersionGroup section */
		1F27F8321BFFFE5700839C10 /* Virtual_Tourist.xcdatamodeld */ = {
			isa = XCVersionGroup;
			children = (
				1F27F8331BFFFE5700839C10 /* Virtual_Tourist.xcdatamodel */,
			);
			currentVersion = 1F27F8331BFFFE5700839C10 /* Virtual_Tourist.xcdatamodel */;
			path = Virtual_Tourist.xcdatamodeld;
			sourceTree = "<group>";
			versionGroupType = wrapper.xcdatamodel;
		};
/* End XCVersionGroup section */
	};
	rootObject = 1F27F8201BFFFE5600839C10 /* Project object */;
}
