PODS:
  - PhotoSlider (0.10.0):
    - SDWebImage
  - SDWebImage (3.7.3):
    - SDWebImage/Core (= 3.7.3)
  - SDWebImage/Core (3.7.3)
  - Spring (1.0.3)

DEPENDENCIES:
  - PhotoSlider
  - Spring (from `https://github.com/MengTo/Spring.git`, branch `swift2`)

EXTERNAL SOURCES:
  Spring:
    :branch: swift2
    :git: https://github.com/MengTo/Spring.git

CHECKOUT OPTIONS:
  Spring:
    :commit: 18d5c7b74489de8044e34767f856d1e574f0820e
    :git: https://github.com/MengTo/Spring.git

SPEC CHECKSUMS:
  PhotoSlider: d02e2eaf018fad8e25ea1abc3258d5e8bce462da
  SDWebImage: 1d2b1a1efda1ade1b00b6f8498865f8ddedc8a84
  Spring: 3f02b5dc3308572ef177b3cad0fa7bbc4b0706f7

COCOAPODS: 0.39.0
